
Microsoft Visual Studio Solution File, Format Version 12.00
# Visual Studio Version 17
VisualStudioVersion = 17.0.31912.275
MinimumVisualStudioVersion = 10.0.40219.1
Project("{D954291E-2A0B-460D-934E-DC6B0785DB48}") = "Lawn_Shared", "Lawn_Shared\Lawn_Shared.shproj", "{1A95301D-4238-4CCD-9B56-38537E891B16}"
EndProject
Project("{D954291E-2A0B-460D-934E-DC6B0785DB48}") = "MonoGame.Framework.Net", "MonoGame.Framework.Net\MonoGame.Framework.Net.shproj", "{A0CDBD0E-3A41-42B7-9425-A838BC2C7383}"
EndProject
Project("{9A19103F-16F7-4668-BE54-9A1E7A4F7556}") = "Lawn_PCDX", "Lawn_PCDX\Lawn_PCDX.csproj", "{7AB353B4-582F-478B-9833-76FCCB686A30}"
EndProject
Project("{9A19103F-16F7-4668-BE54-9A1E7A4F7556}") = "IronPyInteractiveClient_WPF", "IronPyInteractiveClient_WPF\IronPyInteractiveClient_WPF.csproj", "{92B2CF6B-95E0-4C32-A227-8ABF36E7546B}"
EndProject
Project("{D954291E-2A0B-460D-934E-DC6B0785DB48}") = "IronPyInteractiveDef_Shared", "IronPyInteractiveDef_Shared\IronPyInteractiveDef_Shared.shproj", "{B98F5710-197F-420E-82EB-5A7750239CEB}"
EndProject
Project("{2150E333-8FDC-42A3-9474-1A3956D46DE8}") = "Solution Items", "Solution Items", "{90143681-10B1-42C3-8EA2-DD23A4618429}"
	ProjectSection(SolutionItems) = preProject
		.editorconfig = .editorconfig
	EndProjectSection
EndProject
Project("{9A19103F-16F7-4668-BE54-9A1E7A4F7556}") = "Lawn_PCGL", "Lawn_PCGL\Lawn_PCGL.csproj", "{C6266476-DEDF-4955-8218-61F10B130CD1}"
EndProject
Project("{FAE04EC0-301F-11D3-BF4B-00C04F79EFBC}") = "Lawn_Android", "Lawn_Android\Lawn_Android.csproj", "{3A153E0C-2F08-4F96-A1A3-5E2CA3176DCC}"
EndProject
Project("{D954291E-2A0B-460D-934E-DC6B0785DB48}") = "LawnModExtension", "LawnModExtension\LawnModExtension.shproj", "{C1DD562E-4506-4D33-92F3-6AE5CFEFE16E}"
EndProject
Project("{FAE04EC0-301F-11D3-BF4B-00C04F79EFBC}") = "IronPyInteractiveClient_Xamarin", "IronPyInteractiveClient_Xamarin\IronPyInteractiveClient_Xamarin.csproj", "{A281B17D-21A9-40DE-A199-191686A2E6C4}"
EndProject
Global
	GlobalSection(SharedMSBuildProjectFiles) = preSolution
		Lawn_Shared\Lawn_Shared.projitems*{1a95301d-4238-4ccd-9b56-38537e891b16}*SharedItemsImports = 13
		IronPyInteractiveDef_Shared\IronPyInteractiveDef_Shared.projitems*{3a153e0c-2f08-4f96-a1a3-5e2ca3176dcc}*SharedItemsImports = 4
		LawnModExtension\LawnModExtension.projitems*{3a153e0c-2f08-4f96-a1a3-5e2ca3176dcc}*SharedItemsImports = 4
		Lawn_Shared\Lawn_Shared.projitems*{3a153e0c-2f08-4f96-a1a3-5e2ca3176dcc}*SharedItemsImports = 4
		MonoGame.Framework.Net\MonoGame.Framework.Net.projitems*{3a153e0c-2f08-4f96-a1a3-5e2ca3176dcc}*SharedItemsImports = 4
		IronPyInteractiveDef_Shared\IronPyInteractiveDef_Shared.projitems*{7ab353b4-582f-478b-9833-76fccb686a30}*SharedItemsImports = 5
		LawnModExtension\LawnModExtension.projitems*{7ab353b4-582f-478b-9833-76fccb686a30}*SharedItemsImports = 5
		Lawn_Shared\Lawn_Shared.projitems*{7ab353b4-582f-478b-9833-76fccb686a30}*SharedItemsImports = 5
		MonoGame.Framework.Net\MonoGame.Framework.Net.projitems*{7ab353b4-582f-478b-9833-76fccb686a30}*SharedItemsImports = 5
		IronPyInteractiveDef_Shared\IronPyInteractiveDef_Shared.projitems*{92b2cf6b-95e0-4c32-a227-8abf36e7546b}*SharedItemsImports = 5
		MonoGame.Framework.Net\MonoGame.Framework.Net.projitems*{a0cdbd0e-3a41-42b7-9425-a838bc2c7383}*SharedItemsImports = 13
		IronPyInteractiveDef_Shared\IronPyInteractiveDef_Shared.projitems*{a281b17d-21a9-40de-a199-191686a2e6c4}*SharedItemsImports = 4
		IronPyInteractiveDef_Shared\IronPyInteractiveDef_Shared.projitems*{b98f5710-197f-420e-82eb-5a7750239ceb}*SharedItemsImports = 13
		LawnModExtension\LawnModExtension.projitems*{c1dd562e-4506-4d33-92f3-6ae5cfefe16e}*SharedItemsImports = 13
		IronPyInteractiveDef_Shared\IronPyInteractiveDef_Shared.projitems*{c6266476-dedf-4955-8218-61f10b130cd1}*SharedItemsImports = 5
		Lawn_Shared\Lawn_Shared.projitems*{c6266476-dedf-4955-8218-61f10b130cd1}*SharedItemsImports = 5
		MonoGame.Framework.Net\MonoGame.Framework.Net.projitems*{c6266476-dedf-4955-8218-61f10b130cd1}*SharedItemsImports = 5
	EndGlobalSection
	GlobalSection(SolutionConfigurationPlatforms) = preSolution
		Debug|Any CPU = Debug|Any CPU
		Release|Any CPU = Release|Any CPU
	EndGlobalSection
	GlobalSection(ProjectConfigurationPlatforms) = postSolution
		{7AB353B4-582F-478B-9833-76FCCB686A30}.Debug|Any CPU.ActiveCfg = Debug|Any CPU
		{7AB353B4-582F-478B-9833-76FCCB686A30}.Debug|Any CPU.Build.0 = Debug|Any CPU
		{7AB353B4-582F-478B-9833-76FCCB686A30}.Release|Any CPU.ActiveCfg = Release|Any CPU
		{7AB353B4-582F-478B-9833-76FCCB686A30}.Release|Any CPU.Build.0 = Release|Any CPU
		{92B2CF6B-95E0-4C32-A227-8ABF36E7546B}.Debug|Any CPU.ActiveCfg = Debug|Any CPU
		{92B2CF6B-95E0-4C32-A227-8ABF36E7546B}.Debug|Any CPU.Build.0 = Debug|Any CPU
		{92B2CF6B-95E0-4C32-A227-8ABF36E7546B}.Release|Any CPU.ActiveCfg = Release|Any CPU
		{92B2CF6B-95E0-4C32-A227-8ABF36E7546B}.Release|Any CPU.Build.0 = Release|Any CPU
		{C6266476-DEDF-4955-8218-61F10B130CD1}.Debug|Any CPU.ActiveCfg = Debug|Any CPU
		{C6266476-DEDF-4955-8218-61F10B130CD1}.Debug|Any CPU.Build.0 = Debug|Any CPU
		{C6266476-DEDF-4955-8218-61F10B130CD1}.Release|Any CPU.ActiveCfg = Release|Any CPU
		{C6266476-DEDF-4955-8218-61F10B130CD1}.Release|Any CPU.Build.0 = Release|Any CPU
		{3A153E0C-2F08-4F96-A1A3-5E2CA3176DCC}.Debug|Any CPU.ActiveCfg = Debug|Any CPU
		{3A153E0C-2F08-4F96-A1A3-5E2CA3176DCC}.Debug|Any CPU.Build.0 = Debug|Any CPU
		{3A153E0C-2F08-4F96-A1A3-5E2CA3176DCC}.Debug|Any CPU.Deploy.0 = Debug|Any CPU
		{3A153E0C-2F08-4F96-A1A3-5E2CA3176DCC}.Release|Any CPU.ActiveCfg = Release|Any CPU
		{3A153E0C-2F08-4F96-A1A3-5E2CA3176DCC}.Release|Any CPU.Build.0 = Release|Any CPU
		{3A153E0C-2F08-4F96-A1A3-5E2CA3176DCC}.Release|Any CPU.Deploy.0 = Release|Any CPU
		{A281B17D-21A9-40DE-A199-191686A2E6C4}.Debug|Any CPU.ActiveCfg = Debug|Any CPU
		{A281B17D-21A9-40DE-A199-191686A2E6C4}.Debug|Any CPU.Build.0 = Debug|Any CPU
		{A281B17D-21A9-40DE-A199-191686A2E6C4}.Debug|Any CPU.Deploy.0 = Debug|Any CPU
		{A281B17D-21A9-40DE-A199-191686A2E6C4}.Release|Any CPU.ActiveCfg = Release|Any CPU
		{A281B17D-21A9-40DE-A199-191686A2E6C4}.Release|Any CPU.Build.0 = Release|Any CPU
		{A281B17D-21A9-40DE-A199-191686A2E6C4}.Release|Any CPU.Deploy.0 = Release|Any CPU
	EndGlobalSection
	GlobalSection(SolutionProperties) = preSolution
		HideSolutionNode = FALSE
	EndGlobalSection
	GlobalSection(ExtensibilityGlobals) = postSolution
		SolutionGuid = {12C65044-2A42-4A09-A748-A0E3D95D5804}
	EndGlobalSection
EndGlobal
